
Microsoft Visual Studio Solution File, Format Version 12.00
# Visual Studio 14
VisualStudioVersion = 14.0.25420.1
MinimumVisualStudioVersion = 10.0.40219.1
Project("{FAE04EC0-301F-11D3-BF4B-00C04F79EFBC}") = "Day1_1", "Day1\Day1_1.csproj", "{E575F0A4-47F5-4631-81F4-50E38D2FE98D}"
EndProject
Project("{FAE04EC0-301F-11D3-BF4B-00C04F79EFBC}") = "AoCInputReader", "AoCInputReader\AoCInputReader.csproj", "{90E84277-677E-4227-B617-E74EA67A9930}"
EndProject
Project("{FAE04EC0-301F-11D3-BF4B-00C04F79EFBC}") = "Day1_2", "Day1.2\Day1_2.csproj", "{75E9F5F1-B14D-4E9A-9E14-6491DE7EBA44}"
EndProject
Project("{FAE04EC0-301F-11D3-BF4B-00C04F79EFBC}") = "Day2_1", "Day2_1\Day2_1.csproj", "{EA2577FB-BB87-4CCE-8BEF-4D88E7EB45D9}"
EndProject
Global
	GlobalSection(SolutionConfigurationPlatforms) = preSolution
		Debug|Any CPU = Debug|Any CPU
		Release|Any CPU = Release|Any CPU
	EndGlobalSection
	GlobalSection(ProjectConfigurationPlatforms) = postSolution
		{E575F0A4-47F5-4631-81F4-50E38D2FE98D}.Debug|Any CPU.ActiveCfg = Debug|Any CPU
		{E575F0A4-47F5-4631-81F4-50E38D2FE98D}.Debug|Any CPU.Build.0 = Debug|Any CPU
		{E575F0A4-47F5-4631-81F4-50E38D2FE98D}.Release|Any CPU.ActiveCfg = Release|Any CPU
		{E575F0A4-47F5-4631-81F4-50E38D2FE98D}.Release|Any CPU.Build.0 = Release|Any CPU
		{90E84277-677E-4227-B617-E74EA67A9930}.Debug|Any CPU.ActiveCfg = Debug|Any CPU
		{90E84277-677E-4227-B617-E74EA67A9930}.Debug|Any CPU.Build.0 = Debug|Any CPU
		{90E84277-677E-4227-B617-E74EA67A9930}.Release|Any CPU.ActiveCfg = Release|Any CPU
		{90E84277-677E-4227-B617-E74EA67A9930}.Release|Any CPU.Build.0 = Release|Any CPU
		{75E9F5F1-B14D-4E9A-9E14-6491DE7EBA44}.Debug|Any CPU.ActiveCfg = Debug|Any CPU
		{75E9F5F1-B14D-4E9A-9E14-6491DE7EBA44}.Debug|Any CPU.Build.0 = Debug|Any CPU
		{75E9F5F1-B14D-4E9A-9E14-6491DE7EBA44}.Release|Any CPU.ActiveCfg = Release|Any CPU
		{75E9F5F1-B14D-4E9A-9E14-6491DE7EBA44}.Release|Any CPU.Build.0 = Release|Any CPU
		{EA2577FB-BB87-4CCE-8BEF-4D88E7EB45D9}.Debug|Any CPU.ActiveCfg = Debug|Any CPU
		{EA2577FB-BB87-4CCE-8BEF-4D88E7EB45D9}.Debug|Any CPU.Build.0 = Debug|Any CPU
		{EA2577FB-BB87-4CCE-8BEF-4D88E7EB45D9}.Release|Any CPU.ActiveCfg = Release|Any CPU
		{EA2577FB-BB87-4CCE-8BEF-4D88E7EB45D9}.Release|Any CPU.Build.0 = Release|Any CPU
	EndGlobalSection
	GlobalSection(SolutionProperties) = preSolution
		HideSolutionNode = FALSE
	EndGlobalSection
EndGlobal
